
Microsoft Visual Studio Solution File, Format Version 12.00
# Visual Studio Version 17
VisualStudioVersion = 17.0.31903.59
MinimumVisualStudioVersion = 10.0.40219.1
Project("{2150E333-8FDC-42A3-9474-1A3956D46DE8}") = "src", "src", "{827E0CD3-B72D-47B6-A68D-7590B98EB39B}"
EndProject
Project("{F2A71F9B-5D33-465A-A702-920D77279786}") = "Fable.Remoting.OpenAPI", "src\Fable.Remoting.OpenAPI\Fable.Remoting.OpenAPI.fsproj", "{2E95573B-5A06-47B2-8140-F874816C7F40}"
EndProject
Project("{F2A71F9B-5D33-465A-A702-920D77279786}") = "Fable.Remoting.OpenAPI.Giraffe", "src\Fable.Remoting.OpenAPI.Giraffe\Fable.Remoting.OpenAPI.Giraffe.fsproj", "{BD11E263-5D53-494D-A558-7EAAB18278F2}"
EndProject
Project("{F2A71F9B-5D33-465A-A702-920D77279786}") = "Fable.Remoting.OpenAPI.Suave", "src\Fable.Remoting.OpenAPI.Suave\Fable.Remoting.OpenAPI.Suave.fsproj", "{485C6A26-A2F4-49AD-97D0-48719F866146}"
EndProject
Project("{2150E333-8FDC-42A3-9474-1A3956D46DE8}") = "tests", "tests", "{0AB3BF05-4346-4AA6-1389-037BE0695223}"
EndProject
Project("{F2A71F9B-5D33-465A-A702-920D77279786}") = "Fable.Remoting.OpenAPI", "tests\Fable.Remoting.OpenAPI\Fable.Remoting.OpenAPI.fsproj", "{24EA3091-1240-41CC-9777-96A0B80C00AA}"
EndProject
Project("{F2A71F9B-5D33-465A-A702-920D77279786}") = "Fable.Remoting.OpenAPI.Adapters", "tests\Fable.Remoting.OpenAPI.Adapters\Fable.Remoting.OpenAPI.Adapters.fsproj", "{B9CB9A5A-69D2-48E4-B34B-10AEE988B36A}"
EndProject
Project("{2150E333-8FDC-42A3-9474-1A3956D46DE8}") = "app", "app", "{F95F473B-E98A-ACD6-1986-755F447BE36F}"
EndProject
Project("{2150E333-8FDC-42A3-9474-1A3956D46DE8}") = "src", "src", "{AF4CEEC4-771E-8C17-9355-F760DB50FB88}"
EndProject
Project("{F2A71F9B-5D33-465A-A702-920D77279786}") = "Client", "app\src\Client\Client.fsproj", "{184D25A8-F451-441A-892D-FA37BECD457C}"
EndProject
Project("{F2A71F9B-5D33-465A-A702-920D77279786}") = "Shared", "app\src\Shared\Shared.fsproj", "{EA94FE26-B033-468D-84B0-BB7922613C90}"
EndProject
Project("{F2A71F9B-5D33-465A-A702-920D77279786}") = "Server", "app\src\Server\Server.fsproj", "{963E1E88-ABB4-4D35-B5F4-14B510588B10}"
EndProject
Project("{2150E333-8FDC-42A3-9474-1A3956D46DE8}") = "tests", "tests", "{C7448C1F-1999-A9D7-09F5-F2CD86B98F7A}"
EndProject
Project("{2150E333-8FDC-42A3-9474-1A3956D46DE8}") = "Client", "Client", "{827911A2-3B45-45E4-9889-35CBAC51CE7C}"
EndProject
Project("{F2A71F9B-5D33-465A-A702-920D77279786}") = "Client.Tests", "app\tests\Client\Client.Tests.fsproj", "{EE391FD8-B9B1-4970-82A4-0B63D81F677C}"
EndProject
Project("{2150E333-8FDC-42A3-9474-1A3956D46DE8}") = "Shared", "Shared", "{A10E56A2-DAB1-AA72-5D3F-9D71166E986C}"
EndProject
Project("{F2A71F9B-5D33-465A-A702-920D77279786}") = "Shared.Tests", "app\tests\Shared\Shared.Tests.fsproj", "{554ADFDF-DC22-4C0F-882E-E9E4816224DE}"
EndProject
Project("{2150E333-8FDC-42A3-9474-1A3956D46DE8}") = "Server", "Server", "{446BD756-9985-D054-C54D-4CDAB9889AD9}"
EndProject
Project("{F2A71F9B-5D33-465A-A702-920D77279786}") = "Server.Tests", "app\tests\Server\Server.Tests.fsproj", "{319ED571-7682-4F73-B0FD-D13C5C250EA0}"
EndProject
Global
	GlobalSection(SolutionConfigurationPlatforms) = preSolution
		Debug|Any CPU = Debug|Any CPU
		Debug|x64 = Debug|x64
		Debug|x86 = Debug|x86
		Release|Any CPU = Release|Any CPU
		Release|x64 = Release|x64
		Release|x86 = Release|x86
	EndGlobalSection
	GlobalSection(ProjectConfigurationPlatforms) = postSolution
		{2E95573B-5A06-47B2-8140-F874816C7F40}.Debug|Any CPU.ActiveCfg = Debug|Any CPU
		{2E95573B-5A06-47B2-8140-F874816C7F40}.Debug|Any CPU.Build.0 = Debug|Any CPU
		{2E95573B-5A06-47B2-8140-F874816C7F40}.Debug|x64.ActiveCfg = Debug|Any CPU
		{2E95573B-5A06-47B2-8140-F874816C7F40}.Debug|x64.Build.0 = Debug|Any CPU
		{2E95573B-5A06-47B2-8140-F874816C7F40}.Debug|x86.ActiveCfg = Debug|Any CPU
		{2E95573B-5A06-47B2-8140-F874816C7F40}.Debug|x86.Build.0 = Debug|Any CPU
		{2E95573B-5A06-47B2-8140-F874816C7F40}.Release|Any CPU.ActiveCfg = Release|Any CPU
		{2E95573B-5A06-47B2-8140-F874816C7F40}.Release|Any CPU.Build.0 = Release|Any CPU
		{2E95573B-5A06-47B2-8140-F874816C7F40}.Release|x64.ActiveCfg = Release|Any CPU
		{2E95573B-5A06-47B2-8140-F874816C7F40}.Release|x64.Build.0 = Release|Any CPU
		{2E95573B-5A06-47B2-8140-F874816C7F40}.Release|x86.ActiveCfg = Release|Any CPU
		{2E95573B-5A06-47B2-8140-F874816C7F40}.Release|x86.Build.0 = Release|Any CPU
		{BD11E263-5D53-494D-A558-7EAAB18278F2}.Debug|Any CPU.ActiveCfg = Debug|Any CPU
		{BD11E263-5D53-494D-A558-7EAAB18278F2}.Debug|Any CPU.Build.0 = Debug|Any CPU
		{BD11E263-5D53-494D-A558-7EAAB18278F2}.Debug|x64.ActiveCfg = Debug|Any CPU
		{BD11E263-5D53-494D-A558-7EAAB18278F2}.Debug|x64.Build.0 = Debug|Any CPU
		{BD11E263-5D53-494D-A558-7EAAB18278F2}.Debug|x86.ActiveCfg = Debug|Any CPU
		{BD11E263-5D53-494D-A558-7EAAB18278F2}.Debug|x86.Build.0 = Debug|Any CPU
		{BD11E263-5D53-494D-A558-7EAAB18278F2}.Release|Any CPU.ActiveCfg = Release|Any CPU
		{BD11E263-5D53-494D-A558-7EAAB18278F2}.Release|Any CPU.Build.0 = Release|Any CPU
		{BD11E263-5D53-494D-A558-7EAAB18278F2}.Release|x64.ActiveCfg = Release|Any CPU
		{BD11E263-5D53-494D-A558-7EAAB18278F2}.Release|x64.Build.0 = Release|Any CPU
		{BD11E263-5D53-494D-A558-7EAAB18278F2}.Release|x86.ActiveCfg = Release|Any CPU
		{BD11E263-5D53-494D-A558-7EAAB18278F2}.Release|x86.Build.0 = Release|Any CPU
		{485C6A26-A2F4-49AD-97D0-48719F866146}.Debug|Any CPU.ActiveCfg = Debug|Any CPU
		{485C6A26-A2F4-49AD-97D0-48719F866146}.Debug|Any CPU.Build.0 = Debug|Any CPU
		{485C6A26-A2F4-49AD-97D0-48719F866146}.Debug|x64.ActiveCfg = Debug|Any CPU
		{485C6A26-A2F4-49AD-97D0-48719F866146}.Debug|x64.Build.0 = Debug|Any CPU
		{485C6A26-A2F4-49AD-97D0-48719F866146}.Debug|x86.ActiveCfg = Debug|Any CPU
		{485C6A26-A2F4-49AD-97D0-48719F866146}.Debug|x86.Build.0 = Debug|Any CPU
		{485C6A26-A2F4-49AD-97D0-48719F866146}.Release|Any CPU.ActiveCfg = Release|Any CPU
		{485C6A26-A2F4-49AD-97D0-48719F866146}.Release|Any CPU.Build.0 = Release|Any CPU
		{485C6A26-A2F4-49AD-97D0-48719F866146}.Release|x64.ActiveCfg = Release|Any CPU
		{485C6A26-A2F4-49AD-97D0-48719F866146}.Release|x64.Build.0 = Release|Any CPU
		{485C6A26-A2F4-49AD-97D0-48719F866146}.Release|x86.ActiveCfg = Release|Any CPU
		{485C6A26-A2F4-49AD-97D0-48719F866146}.Release|x86.Build.0 = Release|Any CPU
		{24EA3091-1240-41CC-9777-96A0B80C00AA}.Debug|Any CPU.ActiveCfg = Debug|Any CPU
		{24EA3091-1240-41CC-9777-96A0B80C00AA}.Debug|Any CPU.Build.0 = Debug|Any CPU
		{24EA3091-1240-41CC-9777-96A0B80C00AA}.Debug|x64.ActiveCfg = Debug|Any CPU
		{24EA3091-1240-41CC-9777-96A0B80C00AA}.Debug|x64.Build.0 = Debug|Any CPU
		{24EA3091-1240-41CC-9777-96A0B80C00AA}.Debug|x86.ActiveCfg = Debug|Any CPU
		{24EA3091-1240-41CC-9777-96A0B80C00AA}.Debug|x86.Build.0 = Debug|Any CPU
		{24EA3091-1240-41CC-9777-96A0B80C00AA}.Release|Any CPU.ActiveCfg = Release|Any CPU
		{24EA3091-1240-41CC-9777-96A0B80C00AA}.Release|Any CPU.Build.0 = Release|Any CPU
		{24EA3091-1240-41CC-9777-96A0B80C00AA}.Release|x64.ActiveCfg = Release|Any CPU
		{24EA3091-1240-41CC-9777-96A0B80C00AA}.Release|x64.Build.0 = Release|Any CPU
		{24EA3091-1240-41CC-9777-96A0B80C00AA}.Release|x86.ActiveCfg = Release|Any CPU
		{24EA3091-1240-41CC-9777-96A0B80C00AA}.Release|x86.Build.0 = Release|Any CPU
		{B9CB9A5A-69D2-48E4-B34B-10AEE988B36A}.Debug|Any CPU.ActiveCfg = Debug|Any CPU
		{B9CB9A5A-69D2-48E4-B34B-10AEE988B36A}.Debug|Any CPU.Build.0 = Debug|Any CPU
		{B9CB9A5A-69D2-48E4-B34B-10AEE988B36A}.Debug|x64.ActiveCfg = Debug|Any CPU
		{B9CB9A5A-69D2-48E4-B34B-10AEE988B36A}.Debug|x64.Build.0 = Debug|Any CPU
		{B9CB9A5A-69D2-48E4-B34B-10AEE988B36A}.Debug|x86.ActiveCfg = Debug|Any CPU
		{B9CB9A5A-69D2-48E4-B34B-10AEE988B36A}.Debug|x86.Build.0 = Debug|Any CPU
		{B9CB9A5A-69D2-48E4-B34B-10AEE988B36A}.Release|Any CPU.ActiveCfg = Release|Any CPU
		{B9CB9A5A-69D2-48E4-B34B-10AEE988B36A}.Release|Any CPU.Build.0 = Release|Any CPU
		{B9CB9A5A-69D2-48E4-B34B-10AEE988B36A}.Release|x64.ActiveCfg = Release|Any CPU
		{B9CB9A5A-69D2-48E4-B34B-10AEE988B36A}.Release|x64.Build.0 = Release|Any CPU
		{B9CB9A5A-69D2-48E4-B34B-10AEE988B36A}.Release|x86.ActiveCfg = Release|Any CPU
		{B9CB9A5A-69D2-48E4-B34B-10AEE988B36A}.Release|x86.Build.0 = Release|Any CPU
		{184D25A8-F451-441A-892D-FA37BECD457C}.Debug|Any CPU.ActiveCfg = Debug|Any CPU
		{184D25A8-F451-441A-892D-FA37BECD457C}.Debug|Any CPU.Build.0 = Debug|Any CPU
		{184D25A8-F451-441A-892D-FA37BECD457C}.Debug|x64.ActiveCfg = Debug|Any CPU
		{184D25A8-F451-441A-892D-FA37BECD457C}.Debug|x64.Build.0 = Debug|Any CPU
		{184D25A8-F451-441A-892D-FA37BECD457C}.Debug|x86.ActiveCfg = Debug|Any CPU
		{184D25A8-F451-441A-892D-FA37BECD457C}.Debug|x86.Build.0 = Debug|Any CPU
		{184D25A8-F451-441A-892D-FA37BECD457C}.Release|Any CPU.ActiveCfg = Release|Any CPU
		{184D25A8-F451-441A-892D-FA37BECD457C}.Release|Any CPU.Build.0 = Release|Any CPU
		{184D25A8-F451-441A-892D-FA37BECD457C}.Release|x64.ActiveCfg = Release|Any CPU
		{184D25A8-F451-441A-892D-FA37BECD457C}.Release|x64.Build.0 = Release|Any CPU
		{184D25A8-F451-441A-892D-FA37BECD457C}.Release|x86.ActiveCfg = Release|Any CPU
		{184D25A8-F451-441A-892D-FA37BECD457C}.Release|x86.Build.0 = Release|Any CPU
		{EA94FE26-B033-468D-84B0-BB7922613C90}.Debug|Any CPU.ActiveCfg = Debug|Any CPU
		{EA94FE26-B033-468D-84B0-BB7922613C90}.Debug|Any CPU.Build.0 = Debug|Any CPU
		{EA94FE26-B033-468D-84B0-BB7922613C90}.Debug|x64.ActiveCfg = Debug|Any CPU
		{EA94FE26-B033-468D-84B0-BB7922613C90}.Debug|x64.Build.0 = Debug|Any CPU
		{EA94FE26-B033-468D-84B0-BB7922613C90}.Debug|x86.ActiveCfg = Debug|Any CPU
		{EA94FE26-B033-468D-84B0-BB7922613C90}.Debug|x86.Build.0 = Debug|Any CPU
		{EA94FE26-B033-468D-84B0-BB7922613C90}.Release|Any CPU.ActiveCfg = Release|Any CPU
		{EA94FE26-B033-468D-84B0-BB7922613C90}.Release|Any CPU.Build.0 = Release|Any CPU
		{EA94FE26-B033-468D-84B0-BB7922613C90}.Release|x64.ActiveCfg = Release|Any CPU
		{EA94FE26-B033-468D-84B0-BB7922613C90}.Release|x64.Build.0 = Release|Any CPU
		{EA94FE26-B033-468D-84B0-BB7922613C90}.Release|x86.ActiveCfg = Release|Any CPU
		{EA94FE26-B033-468D-84B0-BB7922613C90}.Release|x86.Build.0 = Release|Any CPU
		{963E1E88-ABB4-4D35-B5F4-14B510588B10}.Debug|Any CPU.ActiveCfg = Debug|Any CPU
		{963E1E88-ABB4-4D35-B5F4-14B510588B10}.Debug|Any CPU.Build.0 = Debug|Any CPU
		{963E1E88-ABB4-4D35-B5F4-14B510588B10}.Debug|x64.ActiveCfg = Debug|Any CPU
		{963E1E88-ABB4-4D35-B5F4-14B510588B10}.Debug|x64.Build.0 = Debug|Any CPU
		{963E1E88-ABB4-4D35-B5F4-14B510588B10}.Debug|x86.ActiveCfg = Debug|Any CPU
		{963E1E88-ABB4-4D35-B5F4-14B510588B10}.Debug|x86.Build.0 = Debug|Any CPU
		{963E1E88-ABB4-4D35-B5F4-14B510588B10}.Release|Any CPU.ActiveCfg = Release|Any CPU
		{963E1E88-ABB4-4D35-B5F4-14B510588B10}.Release|Any CPU.Build.0 = Release|Any CPU
		{963E1E88-ABB4-4D35-B5F4-14B510588B10}.Release|x64.ActiveCfg = Release|Any CPU
		{963E1E88-ABB4-4D35-B5F4-14B510588B10}.Release|x64.Build.0 = Release|Any CPU
		{963E1E88-ABB4-4D35-B5F4-14B510588B10}.Release|x86.ActiveCfg = Release|Any CPU
		{963E1E88-ABB4-4D35-B5F4-14B510588B10}.Release|x86.Build.0 = Release|Any CPU
		{EE391FD8-B9B1-4970-82A4-0B63D81F677C}.Debug|Any CPU.ActiveCfg = Debug|Any CPU
		{EE391FD8-B9B1-4970-82A4-0B63D81F677C}.Debug|Any CPU.Build.0 = Debug|Any CPU
		{EE391FD8-B9B1-4970-82A4-0B63D81F677C}.Debug|x64.ActiveCfg = Debug|Any CPU
		{EE391FD8-B9B1-4970-82A4-0B63D81F677C}.Debug|x64.Build.0 = Debug|Any CPU
		{EE391FD8-B9B1-4970-82A4-0B63D81F677C}.Debug|x86.ActiveCfg = Debug|Any CPU
		{EE391FD8-B9B1-4970-82A4-0B63D81F677C}.Debug|x86.Build.0 = Debug|Any CPU
		{EE391FD8-B9B1-4970-82A4-0B63D81F677C}.Release|Any CPU.ActiveCfg = Release|Any CPU
		{EE391FD8-B9B1-4970-82A4-0B63D81F677C}.Release|Any CPU.Build.0 = Release|Any CPU
		{EE391FD8-B9B1-4970-82A4-0B63D81F677C}.Release|x64.ActiveCfg = Release|Any CPU
		{EE391FD8-B9B1-4970-82A4-0B63D81F677C}.Release|x64.Build.0 = Release|Any CPU
		{EE391FD8-B9B1-4970-82A4-0B63D81F677C}.Release|x86.ActiveCfg = Release|Any CPU
		{EE391FD8-B9B1-4970-82A4-0B63D81F677C}.Release|x86.Build.0 = Release|Any CPU
		{554ADFDF-DC22-4C0F-882E-E9E4816224DE}.Debug|Any CPU.ActiveCfg = Debug|Any CPU
		{554ADFDF-DC22-4C0F-882E-E9E4816224DE}.Debug|Any CPU.Build.0 = Debug|Any CPU
		{554ADFDF-DC22-4C0F-882E-E9E4816224DE}.Debug|x64.ActiveCfg = Debug|Any CPU
		{554ADFDF-DC22-4C0F-882E-E9E4816224DE}.Debug|x64.Build.0 = Debug|Any CPU
		{554ADFDF-DC22-4C0F-882E-E9E4816224DE}.Debug|x86.ActiveCfg = Debug|Any CPU
		{554ADFDF-DC22-4C0F-882E-E9E4816224DE}.Debug|x86.Build.0 = Debug|Any CPU
		{554ADFDF-DC22-4C0F-882E-E9E4816224DE}.Release|Any CPU.ActiveCfg = Release|Any CPU
		{554ADFDF-DC22-4C0F-882E-E9E4816224DE}.Release|Any CPU.Build.0 = Release|Any CPU
		{554ADFDF-DC22-4C0F-882E-E9E4816224DE}.Release|x64.ActiveCfg = Release|Any CPU
		{554ADFDF-DC22-4C0F-882E-E9E4816224DE}.Release|x64.Build.0 = Release|Any CPU
		{554ADFDF-DC22-4C0F-882E-E9E4816224DE}.Release|x86.ActiveCfg = Release|Any CPU
		{554ADFDF-DC22-4C0F-882E-E9E4816224DE}.Release|x86.Build.0 = Release|Any CPU
		{319ED571-7682-4F73-B0FD-D13C5C250EA0}.Debug|Any CPU.ActiveCfg = Debug|Any CPU
		{319ED571-7682-4F73-B0FD-D13C5C250EA0}.Debug|Any CPU.Build.0 = Debug|Any CPU
		{319ED571-7682-4F73-B0FD-D13C5C250EA0}.Debug|x64.ActiveCfg = Debug|Any CPU
		{319ED571-7682-4F73-B0FD-D13C5C250EA0}.Debug|x64.Build.0 = Debug|Any CPU
		{319ED571-7682-4F73-B0FD-D13C5C250EA0}.Debug|x86.ActiveCfg = Debug|Any CPU
		{319ED571-7682-4F73-B0FD-D13C5C250EA0}.Debug|x86.Build.0 = Debug|Any CPU
		{319ED571-7682-4F73-B0FD-D13C5C250EA0}.Release|Any CPU.ActiveCfg = Release|Any CPU
		{319ED571-7682-4F73-B0FD-D13C5C250EA0}.Release|Any CPU.Build.0 = Release|Any CPU
		{319ED571-7682-4F73-B0FD-D13C5C250EA0}.Release|x64.ActiveCfg = Release|Any CPU
		{319ED571-7682-4F73-B0FD-D13C5C250EA0}.Release|x64.Build.0 = Release|Any CPU
		{319ED571-7682-4F73-B0FD-D13C5C250EA0}.Release|x86.ActiveCfg = Release|Any CPU
		{319ED571-7682-4F73-B0FD-D13C5C250EA0}.Release|x86.Build.0 = Release|Any CPU
	EndGlobalSection
	GlobalSection(SolutionProperties) = preSolution
		HideSolutionNode = FALSE
	EndGlobalSection
	GlobalSection(NestedProjects) = preSolution
		{2E95573B-5A06-47B2-8140-F874816C7F40} = {827E0CD3-B72D-47B6-A68D-7590B98EB39B}
		{BD11E263-5D53-494D-A558-7EAAB18278F2} = {827E0CD3-B72D-47B6-A68D-7590B98EB39B}
		{485C6A26-A2F4-49AD-97D0-48719F866146} = {827E0CD3-B72D-47B6-A68D-7590B98EB39B}
		{24EA3091-1240-41CC-9777-96A0B80C00AA} = {0AB3BF05-4346-4AA6-1389-037BE0695223}
		{B9CB9A5A-69D2-48E4-B34B-10AEE988B36A} = {0AB3BF05-4346-4AA6-1389-037BE0695223}
		{AF4CEEC4-771E-8C17-9355-F760DB50FB88} = {F95F473B-E98A-ACD6-1986-755F447BE36F}
		{184D25A8-F451-441A-892D-FA37BECD457C} = {AF4CEEC4-771E-8C17-9355-F760DB50FB88}
		{EA94FE26-B033-468D-84B0-BB7922613C90} = {AF4CEEC4-771E-8C17-9355-F760DB50FB88}
		{963E1E88-ABB4-4D35-B5F4-14B510588B10} = {AF4CEEC4-771E-8C17-9355-F760DB50FB88}
		{C7448C1F-1999-A9D7-09F5-F2CD86B98F7A} = {F95F473B-E98A-ACD6-1986-755F447BE36F}
		{827911A2-3B45-45E4-9889-35CBAC51CE7C} = {C7448C1F-1999-A9D7-09F5-F2CD86B98F7A}
		{EE391FD8-B9B1-4970-82A4-0B63D81F677C} = {827911A2-3B45-45E4-9889-35CBAC51CE7C}
		{A10E56A2-DAB1-AA72-5D3F-9D71166E986C} = {C7448C1F-1999-A9D7-09F5-F2CD86B98F7A}
		{554ADFDF-DC22-4C0F-882E-E9E4816224DE} = {A10E56A2-DAB1-AA72-5D3F-9D71166E986C}
		{446BD756-9985-D054-C54D-4CDAB9889AD9} = {C7448C1F-1999-A9D7-09F5-F2CD86B98F7A}
		{319ED571-7682-4F73-B0FD-D13C5C250EA0} = {446BD756-9985-D054-C54D-4CDAB9889AD9}
	EndGlobalSection
EndGlobal
